# This file is automatically @generated by Cargo.
# It is not intended for manual editing.
version = 4

[[package]]
name = "problem-00074-search-a-2d-matrix"
version = "0.1.0"
dependencies = [
 "problem_00704_binary_search",
]

[[package]]
name = "problem-00875-koko-eating-bananas"
version = "0.1.0"

[[package]]
name = "problem_00704_binary_search"
version = "0.1.0"
